
Microsoft Visual Studio Solution File, Format Version 12.00
# Visual Studio 15
VisualStudioVersion = 15.0.28307.329
MinimumVisualStudioVersion = 10.0.40219.1
Project("{FAE04EC0-301F-11D3-BF4B-00C04F79EFBC}") = "GeradorHtml", "GeradorHtml\GeradorHtml.csproj", "{8B6C94CE-422B-4E60-B274-1B895A5290A2}"
EndProject
Project("{FAE04EC0-301F-11D3-BF4B-00C04F79EFBC}") = "GeradorHtml.Test", "GeradorHtml.Test\GeradorHtml.Test.csproj", "{92C05D09-D61B-4D92-A3E0-B1D1648E08BE}"
EndProject
Global
	GlobalSection(SolutionConfigurationPlatforms) = preSolution
		Debug|Any CPU = Debug|Any CPU
		Release|Any CPU = Release|Any CPU
	EndGlobalSection
	GlobalSection(ProjectConfigurationPlatforms) = postSolution
		{8B6C94CE-422B-4E60-B274-1B895A5290A2}.Debug|Any CPU.ActiveCfg = Debug|Any CPU
		{8B6C94CE-422B-4E60-B274-1B895A5290A2}.Debug|Any CPU.Build.0 = Debug|Any CPU
		{8B6C94CE-422B-4E60-B274-1B895A5290A2}.Release|Any CPU.ActiveCfg = Release|Any CPU
		{8B6C94CE-422B-4E60-B274-1B895A5290A2}.Release|Any CPU.Build.0 = Release|Any CPU
		{92C05D09-D61B-4D92-A3E0-B1D1648E08BE}.Debug|Any CPU.ActiveCfg = Debug|Any CPU
		{92C05D09-D61B-4D92-A3E0-B1D1648E08BE}.Debug|Any CPU.Build.0 = Debug|Any CPU
		{92C05D09-D61B-4D92-A3E0-B1D1648E08BE}.Release|Any CPU.ActiveCfg = Release|Any CPU
		{92C05D09-D61B-4D92-A3E0-B1D1648E08BE}.Release|Any CPU.Build.0 = Release|Any CPU
	EndGlobalSection
	GlobalSection(SolutionProperties) = preSolution
		HideSolutionNode = FALSE
	EndGlobalSection
	GlobalSection(ExtensibilityGlobals) = postSolution
		SolutionGuid = {9E536E09-95E7-49BE-85C9-E70262E18859}
	EndGlobalSection
EndGlobal
